// !$*UTF8*$!
{
	archiveVersion = 1;
	classes = {
	};
	objectVersion = 56;
	objects = {

/* Begin PBXBuildFile section */
		F7070A872C90E1B300331149 /* AppDelegate.swift in Sources */ = {isa = PBXBuildFile; fileRef = F7070A862C90E1B300331149 /* AppDelegate.swift */; };
		F7070A892C90E1B300331149 /* SceneDelegate.swift in Sources */ = {isa = PBXBuildFile; fileRef = F7070A882C90E1B300331149 /* SceneDelegate.swift */; };
		F7070A902C90E1B300331149 /* Assets.xcassets in Resources */ = {isa = PBXBuildFile; fileRef = F7070A8F2C90E1B300331149 /* Assets.xcassets */; };
		F7070A932C90E1B300331149 /* Base in Resources */ = {isa = PBXBuildFile; fileRef = F7070A922C90E1B300331149 /* Base */; };
		F7070A9C2C90E51900331149 /* House.swift in Sources */ = {isa = PBXBuildFile; fileRef = F7070A9B2C90E51900331149 /* House.swift */; };
		F7070A9E2C90E5AA00331149 /* GotCharacter.swift in Sources */ = {isa = PBXBuildFile; fileRef = F7070A9D2C90E5AA00331149 /* GotCharacter.swift */; };
		F7070AA62C90E7FA00331149 /* FirstViewController.swift in Sources */ = {isa = PBXBuildFile; fileRef = F7070AA42C90E7FA00331149 /* FirstViewController.swift */; };
		F7070AA72C90E7FA00331149 /* FirstViewController.xib in Resources */ = {isa = PBXBuildFile; fileRef = F7070AA52C90E7FA00331149 /* FirstViewController.xib */; };
		F72F44A72C935AAB00DFF0F0 /* HouseListViewController.swift in Sources */ = {isa = PBXBuildFile; fileRef = F72F44A52C935AAB00DFF0F0 /* HouseListViewController.swift */; };
		F72F44A82C935AAB00DFF0F0 /* HouseListViewController.xib in Resources */ = {isa = PBXBuildFile; fileRef = F72F44A62C935AAB00DFF0F0 /* HouseListViewController.xib */; };
		F72F44AB2C935DA800DFF0F0 /* HouseTableViewCell.swift in Sources */ = {isa = PBXBuildFile; fileRef = F72F44A92C935DA800DFF0F0 /* HouseTableViewCell.swift */; };
		F72F44AC2C935DA800DFF0F0 /* HouseTableViewCell.xib in Resources */ = {isa = PBXBuildFile; fileRef = F72F44AA2C935DA800DFF0F0 /* HouseTableViewCell.xib */; };
		F72F44B12C93641400DFF0F0 /* UImageView+Remote.swift in Sources */ = {isa = PBXBuildFile; fileRef = F72F44B02C93641400DFF0F0 /* UImageView+Remote.swift */; };
		F72F44B42C937D5800DFF0F0 /* FavoriteHouseListViewController.swift in Sources */ = {isa = PBXBuildFile; fileRef = F72F44B22C937D5800DFF0F0 /* FavoriteHouseListViewController.swift */; };
		F72F44B52C937D5800DFF0F0 /* FavoriteHouseListViewController.xib in Resources */ = {isa = PBXBuildFile; fileRef = F72F44B32C937D5800DFF0F0 /* FavoriteHouseListViewController.xib */; };
		F72F44B82C9380C100DFF0F0 /* FavoriteHouseCollectionViewCell.swift in Sources */ = {isa = PBXBuildFile; fileRef = F72F44B62C9380C100DFF0F0 /* FavoriteHouseCollectionViewCell.swift */; };
		F72F44B92C9380C100DFF0F0 /* FavoriteHouseCollectionViewCell.xib in Resources */ = {isa = PBXBuildFile; fileRef = F72F44B72C9380C100DFF0F0 /* FavoriteHouseCollectionViewCell.xib */; };
		F7F5DFF92C989F7800A3EC1A /* HouseDetailViewController.xib in Resources */ = {isa = PBXBuildFile; fileRef = F7F5DFF82C989F7800A3EC1A /* HouseDetailViewController.xib */; };
		F7F5DFFA2C989F7800A3EC1A /* HouseDetailViewController.swift in Sources */ = {isa = PBXBuildFile; fileRef = F7F5DFF72C989F7800A3EC1A /* HouseDetailViewController.swift */; };
		F7F5DFFC2C98C35B00A3EC1A /* Notification+Name.swift in Sources */ = {isa = PBXBuildFile; fileRef = F7F5DFFB2C98C35B00A3EC1A /* Notification+Name.swift */; };
/* End PBXBuildFile section */

/* Begin PBXFileReference section */
		F7070A832C90E1B300331149 /* Westeros.app */ = {isa = PBXFileReference; explicitFileType = wrapper.application; includeInIndex = 0; path = Westeros.app; sourceTree = BUILT_PRODUCTS_DIR; };
		F7070A862C90E1B300331149 /* AppDelegate.swift */ = {isa = PBXFileReference; lastKnownFileType = sourcecode.swift; path = AppDelegate.swift; sourceTree = "<group>"; };
		F7070A882C90E1B300331149 /* SceneDelegate.swift */ = {isa = PBXFileReference; lastKnownFileType = sourcecode.swift; path = SceneDelegate.swift; sourceTree = "<group>"; };
		F7070A8F2C90E1B300331149 /* Assets.xcassets */ = {isa = PBXFileReference; lastKnownFileType = folder.assetcatalog; path = Assets.xcassets; sourceTree = "<group>"; };
		F7070A922C90E1B300331149 /* Base */ = {isa = PBXFileReference; lastKnownFileType = file.storyboard; name = Base; path = Base.lproj/LaunchScreen.storyboard; sourceTree = "<group>"; };
		F7070A942C90E1B400331149 /* Info.plist */ = {isa = PBXFileReference; lastKnownFileType = text.plist.xml; path = Info.plist; sourceTree = "<group>"; };
		F7070A9B2C90E51900331149 /* House.swift */ = {isa = PBXFileReference; lastKnownFileType = sourcecode.swift; path = House.swift; sourceTree = "<group>"; };
		F7070A9D2C90E5AA00331149 /* GotCharacter.swift */ = {isa = PBXFileReference; lastKnownFileType = sourcecode.swift; path = GotCharacter.swift; sourceTree = "<group>"; };
		F7070AA42C90E7FA00331149 /* FirstViewController.swift */ = {isa = PBXFileReference; lastKnownFileType = sourcecode.swift; path = FirstViewController.swift; sourceTree = "<group>"; };
		F7070AA52C90E7FA00331149 /* FirstViewController.xib */ = {isa = PBXFileReference; lastKnownFileType = file.xib; path = FirstViewController.xib; sourceTree = "<group>"; };
		F72F44A52C935AAB00DFF0F0 /* HouseListViewController.swift */ = {isa = PBXFileReference; lastKnownFileType = sourcecode.swift; path = HouseListViewController.swift; sourceTree = "<group>"; };
		F72F44A62C935AAB00DFF0F0 /* HouseListViewController.xib */ = {isa = PBXFileReference; lastKnownFileType = file.xib; path = HouseListViewController.xib; sourceTree = "<group>"; };
		F72F44A92C935DA800DFF0F0 /* HouseTableViewCell.swift */ = {isa = PBXFileReference; lastKnownFileType = sourcecode.swift; path = HouseTableViewCell.swift; sourceTree = "<group>"; };
		F72F44AA2C935DA800DFF0F0 /* HouseTableViewCell.xib */ = {isa = PBXFileReference; lastKnownFileType = file.xib; path = HouseTableViewCell.xib; sourceTree = "<group>"; };
		F72F44B02C93641400DFF0F0 /* UImageView+Remote.swift */ = {isa = PBXFileReference; lastKnownFileType = sourcecode.swift; path = "UImageView+Remote.swift"; sourceTree = "<group>"; };
		F72F44B22C937D5800DFF0F0 /* FavoriteHouseListViewController.swift */ = {isa = PBXFileReference; lastKnownFileType = sourcecode.swift; path = FavoriteHouseListViewController.swift; sourceTree = "<group>"; };
		F72F44B32C937D5800DFF0F0 /* FavoriteHouseListViewController.xib */ = {isa = PBXFileReference; lastKnownFileType = file.xib; path = FavoriteHouseListViewController.xib; sourceTree = "<group>"; };
		F72F44B62C9380C100DFF0F0 /* FavoriteHouseCollectionViewCell.swift */ = {isa = PBXFileReference; lastKnownFileType = sourcecode.swift; path = FavoriteHouseCollectionViewCell.swift; sourceTree = "<group>"; };
		F72F44B72C9380C100DFF0F0 /* FavoriteHouseCollectionViewCell.xib */ = {isa = PBXFileReference; lastKnownFileType = file.xib; path = FavoriteHouseCollectionViewCell.xib; sourceTree = "<group>"; };
		F7F5DFF72C989F7800A3EC1A /* HouseDetailViewController.swift */ = {isa = PBXFileReference; lastKnownFileType = sourcecode.swift; path = HouseDetailViewController.swift; sourceTree = "<group>"; };
		F7F5DFF82C989F7800A3EC1A /* HouseDetailViewController.xib */ = {isa = PBXFileReference; lastKnownFileType = file.xib; path = HouseDetailViewController.xib; sourceTree = "<group>"; };
		F7F5DFFB2C98C35B00A3EC1A /* Notification+Name.swift */ = {isa = PBXFileReference; lastKnownFileType = sourcecode.swift; path = "Notification+Name.swift"; sourceTree = "<group>"; };
/* End PBXFileReference section */

/* Begin PBXFrameworksBuildPhase section */
		F7070A802C90E1B300331149 /* Frameworks */ = {
			isa = PBXFrameworksBuildPhase;
			buildActionMask = 2147483647;
			files = (
			);
			runOnlyForDeploymentPostprocessing = 0;
		};
/* End PBXFrameworksBuildPhase section */

/* Begin PBXGroup section */
		F7070A7A2C90E1B300331149 = {
			isa = PBXGroup;
			children = (
				F7070A852C90E1B300331149 /* Westeros */,
				F7070A842C90E1B300331149 /* Products */,
			);
			sourceTree = "<group>";
		};
		F7070A842C90E1B300331149 /* Products */ = {
			isa = PBXGroup;
			children = (
				F7070A832C90E1B300331149 /* Westeros.app */,
			);
			name = Products;
			sourceTree = "<group>";
		};
		F7070A852C90E1B300331149 /* Westeros */ = {
			isa = PBXGroup;
			children = (
				F72F44AD2C9363AA00DFF0F0 /* Extensions */,
				F7070A9F2C90E60B00331149 /* Presentation */,
				F7070A9A2C90E4C900331149 /* Models */,
				F7070A862C90E1B300331149 /* AppDelegate.swift */,
				F7070A882C90E1B300331149 /* SceneDelegate.swift */,
				F7070A8F2C90E1B300331149 /* Assets.xcassets */,
				F7070A912C90E1B300331149 /* LaunchScreen.storyboard */,
				F7070A942C90E1B400331149 /* Info.plist */,
			);
			path = Westeros;
			sourceTree = "<group>";
		};
		F7070A9A2C90E4C900331149 /* Models */ = {
			isa = PBXGroup;
			children = (
				F7070A9B2C90E51900331149 /* House.swift */,
				F7070A9D2C90E5AA00331149 /* GotCharacter.swift */,
			);
			path = Models;
			sourceTree = "<group>";
		};
		F7070A9F2C90E60B00331149 /* Presentation */ = {
			isa = PBXGroup;
			children = (
				F7070AA12C90E63100331149 /* View */,
				F7070AA02C90E62600331149 /* Controller */,
			);
			path = Presentation;
			sourceTree = "<group>";
		};
		F7070AA02C90E62600331149 /* Controller */ = {
			isa = PBXGroup;
			children = (
				F7070AA42C90E7FA00331149 /* FirstViewController.swift */,
				F72F44A52C935AAB00DFF0F0 /* HouseListViewController.swift */,
				F72F44B22C937D5800DFF0F0 /* FavoriteHouseListViewController.swift */,
				F7F5DFF72C989F7800A3EC1A /* HouseDetailViewController.swift */,
			);
			path = Controller;
			sourceTree = "<group>";
		};
		F7070AA12C90E63100331149 /* View */ = {
			isa = PBXGroup;
			children = (
				F7070AA52C90E7FA00331149 /* FirstViewController.xib */,
				F72F44A62C935AAB00DFF0F0 /* HouseListViewController.xib */,
				F72F44A92C935DA800DFF0F0 /* HouseTableViewCell.swift */,
				F72F44AA2C935DA800DFF0F0 /* HouseTableViewCell.xib */,
				F72F44B32C937D5800DFF0F0 /* FavoriteHouseListViewController.xib */,
				F72F44B62C9380C100DFF0F0 /* FavoriteHouseCollectionViewCell.swift */,
				F72F44B72C9380C100DFF0F0 /* FavoriteHouseCollectionViewCell.xib */,
				F7F5DFF82C989F7800A3EC1A /* HouseDetailViewController.xib */,
			);
			path = View;
			sourceTree = "<group>";
		};
		F72F44AD2C9363AA00DFF0F0 /* Extensions */ = {
			isa = PBXGroup;
			children = (
				F72F44B02C93641400DFF0F0 /* UImageView+Remote.swift */,
				F7F5DFFB2C98C35B00A3EC1A /* Notification+Name.swift */,
			);
			path = Extensions;
			sourceTree = "<group>";
		};
/* End PBXGroup section */

/* Begin PBXNativeTarget section */
		F7070A822C90E1B300331149 /* Westeros */ = {
			isa = PBXNativeTarget;
			buildConfigurationList = F7070A972C90E1B400331149 /* Build configuration list for PBXNativeTarget "Westeros" */;
			buildPhases = (
				F7070A7F2C90E1B300331149 /* Sources */,
				F7070A802C90E1B300331149 /* Frameworks */,
				F7070A812C90E1B300331149 /* Resources */,
			);
			buildRules = (
			);
			dependencies = (
			);
			name = Westeros;
			productName = Westeros;
			productReference = F7070A832C90E1B300331149 /* Westeros.app */;
			productType = "com.apple.product-type.application";
		};
/* End PBXNativeTarget section */

/* Begin PBXProject section */
		F7070A7B2C90E1B300331149 /* Project object */ = {
			isa = PBXProject;
			attributes = {
				BuildIndependentTargetsInParallel = 1;
				LastSwiftUpdateCheck = 1540;
				LastUpgradeCheck = 1540;
				TargetAttributes = {
					F7070A822C90E1B300331149 = {
						CreatedOnToolsVersion = 15.4;
					};
				};
			};
			buildConfigurationList = F7070A7E2C90E1B300331149 /* Build configuration list for PBXProject "Westeros" */;
			compatibilityVersion = "Xcode 14.0";
			developmentRegion = en;
			hasScannedForEncodings = 0;
			knownRegions = (
				en,
				Base,
			);
			mainGroup = F7070A7A2C90E1B300331149;
			productRefGroup = F7070A842C90E1B300331149 /* Products */;
			projectDirPath = "";
			projectRoot = "";
			targets = (
				F7070A822C90E1B300331149 /* Westeros */,
			);
		};
/* End PBXProject section */

/* Begin PBXResourcesBuildPhase section */
		F7070A812C90E1B300331149 /* Resources */ = {
			isa = PBXResourcesBuildPhase;
			buildActionMask = 2147483647;
			files = (
				F7070A902C90E1B300331149 /* Assets.xcassets in Resources */,
				F72F44AC2C935DA800DFF0F0 /* HouseTableViewCell.xib in Resources */,
				F7070A932C90E1B300331149 /* Base in Resources */,
				F72F44B92C9380C100DFF0F0 /* FavoriteHouseCollectionViewCell.xib in Resources */,
				F7F5DFF92C989F7800A3EC1A /* HouseDetailViewController.xib in Resources */,
				F72F44B52C937D5800DFF0F0 /* FavoriteHouseListViewController.xib in Resources */,
				F7070AA72C90E7FA00331149 /* FirstViewController.xib in Resources */,
				F72F44A82C935AAB00DFF0F0 /* HouseListViewController.xib in Resources */,
			);
			runOnlyForDeploymentPostprocessing = 0;
		};
/* End PBXResourcesBuildPhase section */

/* Begin PBXSourcesBuildPhase section */
		F7070A7F2C90E1B300331149 /* Sources */ = {
			isa = PBXSourcesBuildPhase;
			buildActionMask = 2147483647;
			files = (
				F7070A9E2C90E5AA00331149 /* GotCharacter.swift in Sources */,
				F7070A872C90E1B300331149 /* AppDelegate.swift in Sources */,
				F7070AA62C90E7FA00331149 /* FirstViewController.swift in Sources */,
				F7070A9C2C90E51900331149 /* House.swift in Sources */,
				F72F44B42C937D5800DFF0F0 /* FavoriteHouseListViewController.swift in Sources */,
				F7F5DFFC2C98C35B00A3EC1A /* Notification+Name.swift in Sources */,
				F72F44B12C93641400DFF0F0 /* UImageView+Remote.swift in Sources */,
				F7070A892C90E1B300331149 /* SceneDelegate.swift in Sources */,
				F72F44AB2C935DA800DFF0F0 /* HouseTableViewCell.swift in Sources */,
				F72F44A72C935AAB00DFF0F0 /* HouseListViewController.swift in Sources */,
				F72F44B82C9380C100DFF0F0 /* FavoriteHouseCollectionViewCell.swift in Sources */,
				F7F5DFFA2C989F7800A3EC1A /* HouseDetailViewController.swift in Sources */,
			);
			runOnlyForDeploymentPostprocessing = 0;
		};
/* End PBXSourcesBuildPhase section */

/* Begin PBXVariantGroup section */
		F7070A912C90E1B300331149 /* LaunchScreen.storyboard */ = {
			isa = PBXVariantGroup;
			children = (
				F7070A922C90E1B300331149 /* Base */,
			);
			name = LaunchScreen.storyboard;
			sourceTree = "<group>";
		};
/* End PBXVariantGroup section */

/* Begin XCBuildConfiguration section */
		F7070A952C90E1B400331149 /* Debug */ = {
			isa = XCBuildConfiguration;
			buildSettings = {
				ALWAYS_SEARCH_USER_PATHS = NO;
				ASSETCATALOG_COMPILER_GENERATE_SWIFT_ASSET_SYMBOL_EXTENSIONS = YES;
				CLANG_ANALYZER_NONNULL = YES;
				CLANG_ANALYZER_NUMBER_OBJECT_CONVERSION = YES_AGGRESSIVE;
				CLANG_CXX_LANGUAGE_STANDARD = "gnu++20";
				CLANG_ENABLE_MODULES = YES;
				CLANG_ENABLE_OBJC_ARC = YES;
				CLANG_ENABLE_OBJC_WEAK = YES;
				CLANG_WARN_BLOCK_CAPTURE_AUTORELEASING = YES;
				CLANG_WARN_BOOL_CONVERSION = YES;
				CLANG_WARN_COMMA = YES;
				CLANG_WARN_CONSTANT_CONVERSION = YES;
				CLANG_WARN_DEPRECATED_OBJC_IMPLEMENTATIONS = YES;
				CLANG_WARN_DIRECT_OBJC_ISA_USAGE = YES_ERROR;
				CLANG_WARN_DOCUMENTATION_COMMENTS = YES;
				CLANG_WARN_EMPTY_BODY = YES;
				CLANG_WARN_ENUM_CONVERSION = YES;
				CLANG_WARN_INFINITE_RECURSION = YES;
				CLANG_WARN_INT_CONVERSION = YES;
				CLANG_WARN_NON_LITERAL_NULL_CONVERSION = YES;
				CLANG_WARN_OBJC_IMPLICIT_RETAIN_SELF = YES;
				CLANG_WARN_OBJC_LITERAL_CONVERSION = YES;
				CLANG_WARN_OBJC_ROOT_CLASS = YES_ERROR;
				CLANG_WARN_QUOTED_INCLUDE_IN_FRAMEWORK_HEADER = YES;
				CLANG_WARN_RANGE_LOOP_ANALYSIS = YES;
				CLANG_WARN_STRICT_PROTOTYPES = YES;
				CLANG_WARN_SUSPICIOUS_MOVE = YES;
				CLANG_WARN_UNGUARDED_AVAILABILITY = YES_AGGRESSIVE;
				CLANG_WARN_UNREACHABLE_CODE = YES;
				CLANG_WARN__DUPLICATE_METHOD_MATCH = YES;
				COPY_PHASE_STRIP = NO;
				DEBUG_INFORMATION_FORMAT = dwarf;
				ENABLE_STRICT_OBJC_MSGSEND = YES;
				ENABLE_TESTABILITY = YES;
				ENABLE_USER_SCRIPT_SANDBOXING = YES;
				GCC_C_LANGUAGE_STANDARD = gnu17;
				GCC_DYNAMIC_NO_PIC = NO;
				GCC_NO_COMMON_BLOCKS = YES;
				GCC_OPTIMIZATION_LEVEL = 0;
				GCC_PREPROCESSOR_DEFINITIONS = (
					"DEBUG=1",
					"$(inherited)",
				);
				GCC_WARN_64_TO_32_BIT_CONVERSION = YES;
				GCC_WARN_ABOUT_RETURN_TYPE = YES_ERROR;
				GCC_WARN_UNDECLARED_SELECTOR = YES;
				GCC_WARN_UNINITIALIZED_AUTOS = YES_AGGRESSIVE;
				GCC_WARN_UNUSED_FUNCTION = YES;
				GCC_WARN_UNUSED_VARIABLE = YES;
				IPHONEOS_DEPLOYMENT_TARGET = 17.5;
				LOCALIZATION_PREFERS_STRING_CATALOGS = YES;
				MTL_ENABLE_DEBUG_INFO = INCLUDE_SOURCE;
				MTL_FAST_MATH = YES;
				ONLY_ACTIVE_ARCH = YES;
				SDKROOT = iphoneos;
				SWIFT_ACTIVE_COMPILATION_CONDITIONS = "DEBUG $(inherited)";
				SWIFT_OPTIMIZATION_LEVEL = "-Onone";
			};
			name = Debug;
		};
		F7070A962C90E1B400331149 /* Release */ = {
			isa = XCBuildConfiguration;
			buildSettings = {
				ALWAYS_SEARCH_USER_PATHS = NO;
				ASSETCATALOG_COMPILER_GENERATE_SWIFT_ASSET_SYMBOL_EXTENSIONS = YES;
				CLANG_ANALYZER_NONNULL = YES;
				CLANG_ANALYZER_NUMBER_OBJECT_CONVERSION = YES_AGGRESSIVE;
				CLANG_CXX_LANGUAGE_STANDARD = "gnu++20";
				CLANG_ENABLE_MODULES = YES;
				CLANG_ENABLE_OBJC_ARC = YES;
				CLANG_ENABLE_OBJC_WEAK = YES;
				CLANG_WARN_BLOCK_CAPTURE_AUTORELEASING = YES;
				CLANG_WARN_BOOL_CONVERSION = YES;
				CLANG_WARN_COMMA = YES;
				CLANG_WARN_CONSTANT_CONVERSION = YES;
				CLANG_WARN_DEPRECATED_OBJC_IMPLEMENTATIONS = YES;
				CLANG_WARN_DIRECT_OBJC_ISA_USAGE = YES_ERROR;
				CLANG_WARN_DOCUMENTATION_COMMENTS = YES;
				CLANG_WARN_EMPTY_BODY = YES;
				CLANG_WARN_ENUM_CONVERSION = YES;
				CLANG_WARN_INFINITE_RECURSION = YES;
				CLANG_WARN_INT_CONVERSION = YES;
				CLANG_WARN_NON_LITERAL_NULL_CONVERSION = YES;
				CLANG_WARN_OBJC_IMPLICIT_RETAIN_SELF = YES;
				CLANG_WARN_OBJC_LITERAL_CONVERSION = YES;
				CLANG_WARN_OBJC_ROOT_CLASS = YES_ERROR;
				CLANG_WARN_QUOTED_INCLUDE_IN_FRAMEWORK_HEADER = YES;
				CLANG_WARN_RANGE_LOOP_ANALYSIS = YES;
				CLANG_WARN_STRICT_PROTOTYPES = YES;
				CLANG_WARN_SUSPICIOUS_MOVE = YES;
				CLANG_WARN_UNGUARDED_AVAILABILITY = YES_AGGRESSIVE;
				CLANG_WARN_UNREACHABLE_CODE = YES;
				CLANG_WARN__DUPLICATE_METHOD_MATCH = YES;
				COPY_PHASE_STRIP = NO;
				DEBUG_INFORMATION_FORMAT = "dwarf-with-dsym";
				ENABLE_NS_ASSERTIONS = NO;
				ENABLE_STRICT_OBJC_MSGSEND = YES;
				ENABLE_USER_SCRIPT_SANDBOXING = YES;
				GCC_C_LANGUAGE_STANDARD = gnu17;
				GCC_NO_COMMON_BLOCKS = YES;
				GCC_WARN_64_TO_32_BIT_CONVERSION = YES;
				GCC_WARN_ABOUT_RETURN_TYPE = YES_ERROR;
				GCC_WARN_UNDECLARED_SELECTOR = YES;
				GCC_WARN_UNINITIALIZED_AUTOS = YES_AGGRESSIVE;
				GCC_WARN_UNUSED_FUNCTION = YES;
				GCC_WARN_UNUSED_VARIABLE = YES;
				IPHONEOS_DEPLOYMENT_TARGET = 17.5;
				LOCALIZATION_PREFERS_STRING_CATALOGS = YES;
				MTL_ENABLE_DEBUG_INFO = NO;
				MTL_FAST_MATH = YES;
				SDKROOT = iphoneos;
				SWIFT_COMPILATION_MODE = wholemodule;
				VALIDATE_PRODUCT = YES;
			};
			name = Release;
		};
		F7070A982C90E1B400331149 /* Debug */ = {
			isa = XCBuildConfiguration;
			buildSettings = {
				ASSETCATALOG_COMPILER_APPICON_NAME = AppIcon;
				ASSETCATALOG_COMPILER_GLOBAL_ACCENT_COLOR_NAME = AccentColor;
				CODE_SIGN_STYLE = Automatic;
				CURRENT_PROJECT_VERSION = 1;
				GENERATE_INFOPLIST_FILE = YES;
				INFOPLIST_FILE = Westeros/Info.plist;
				INFOPLIST_KEY_UIApplicationSupportsIndirectInputEvents = YES;
				INFOPLIST_KEY_UILaunchStoryboardName = LaunchScreen;
				INFOPLIST_KEY_UISupportedInterfaceOrientations_iPad = "UIInterfaceOrientationPortrait UIInterfaceOrientationPortraitUpsideDown UIInterfaceOrientationLandscapeLeft UIInterfaceOrientationLandscapeRight";
				INFOPLIST_KEY_UISupportedInterfaceOrientations_iPhone = "UIInterfaceOrientationPortrait UIInterfaceOrientationLandscapeLeft UIInterfaceOrientationLandscapeRight";
				LD_RUNPATH_SEARCH_PATHS = (
					"$(inherited)",
					"@executable_path/Frameworks",
				);
				MARKETING_VERSION = 1.0;
				PRODUCT_BUNDLE_IDENTIFIER = com.Diego.Westeros;
				PRODUCT_NAME = "$(TARGET_NAME)";
				SWIFT_EMIT_LOC_STRINGS = YES;
				SWIFT_VERSION = 5.0;
				TARGETED_DEVICE_FAMILY = "1,2";
			};
			name = Debug;
		};
		F7070A992C90E1B400331149 /* Release */ = {
			isa = XCBuildConfiguration;
			buildSettings = {
				ASSETCATALOG_COMPILER_APPICON_NAME = AppIcon;
				ASSETCATALOG_COMPILER_GLOBAL_ACCENT_COLOR_NAME = AccentColor;
				CODE_SIGN_STYLE = Automatic;
				CURRENT_PROJECT_VERSION = 1;
				GENERATE_INFOPLIST_FILE = YES;
				INFOPLIST_FILE = Westeros/Info.plist;
				INFOPLIST_KEY_UIApplicationSupportsIndirectInputEvents = YES;
				INFOPLIST_KEY_UILaunchStoryboardName = LaunchScreen;
				INFOPLIST_KEY_UISupportedInterfaceOrientations_iPad = "UIInterfaceOrientationPortrait UIInterfaceOrientationPortraitUpsideDown UIInterfaceOrientationLandscapeLeft UIInterfaceOrientationLandscapeRight";
				INFOPLIST_KEY_UISupportedInterfaceOrientations_iPhone = "UIInterfaceOrientationPortrait UIInterfaceOrientationLandscapeLeft UIInterfaceOrientationLandscapeRight";
				LD_RUNPATH_SEARCH_PATHS = (
					"$(inherited)",
					"@executable_path/Frameworks",
				);
				MARKETING_VERSION = 1.0;
				PRODUCT_BUNDLE_IDENTIFIER = com.Diego.Westeros;
				PRODUCT_NAME = "$(TARGET_NAME)";
				SWIFT_EMIT_LOC_STRINGS = YES;
				SWIFT_VERSION = 5.0;
				TARGETED_DEVICE_FAMILY = "1,2";
			};
			name = Release;
		};
/* End XCBuildConfiguration section */

/* Begin XCConfigurationList section */
		F7070A7E2C90E1B300331149 /* Build configuration list for PBXProject "Westeros" */ = {
			isa = XCConfigurationList;
			buildConfigurations = (
				F7070A952C90E1B400331149 /* Debug */,
				F7070A962C90E1B400331149 /* Release */,
			);
			defaultConfigurationIsVisible = 0;
			defaultConfigurationName = Release;
		};
		F7070A972C90E1B400331149 /* Build configuration list for PBXNativeTarget "Westeros" */ = {
			isa = XCConfigurationList;
			buildConfigurations = (
				F7070A982C90E1B400331149 /* Debug */,
				F7070A992C90E1B400331149 /* Release */,
			);
			defaultConfigurationIsVisible = 0;
			defaultConfigurationName = Release;
		};
/* End XCConfigurationList section */
	};
	rootObject = F7070A7B2C90E1B300331149 /* Project object */;
}
